
Microsoft Visual Studio Solution File, Format Version 12.00
# Visual Studio Version 16
VisualStudioVersion = 16.0.30523.141
MinimumVisualStudioVersion = 10.0.40219.1
Project("{FAE04EC0-301F-11D3-BF4B-00C04F79EFBC}") = "TPWinforms-Fernandez", "TPWinforms-Fernandez\TPWinforms-Fernandez.csproj", "{DA464437-B463-49D9-8941-BC3FB2C2C7C6}"
EndProject
Project("{FAE04EC0-301F-11D3-BF4B-00C04F79EFBC}") = "Dominio", "Dominio\Dominio.csproj", "{CCBE44C9-D635-4869-8775-A7DD7491E601}"
EndProject
Project("{FAE04EC0-301F-11D3-BF4B-00C04F79EFBC}") = "Negocio", "Negocio\Negocio.csproj", "{53A96B4E-53B6-4719-8E1E-FFC1A4A26270}"
EndProject
Project("{FAE04EC0-301F-11D3-BF4B-00C04F79EFBC}") = "Carrito-Web", "Carrito-Web\Carrito-Web.csproj", "{651A537B-FCB9-4BB0-8B95-F4EABB312401}"
EndProject
Global
	GlobalSection(SolutionConfigurationPlatforms) = preSolution
		Debug|Any CPU = Debug|Any CPU
		Release|Any CPU = Release|Any CPU
	EndGlobalSection
	GlobalSection(ProjectConfigurationPlatforms) = postSolution
		{DA464437-B463-49D9-8941-BC3FB2C2C7C6}.Debug|Any CPU.ActiveCfg = Debug|Any CPU
		{DA464437-B463-49D9-8941-BC3FB2C2C7C6}.Debug|Any CPU.Build.0 = Debug|Any CPU
		{DA464437-B463-49D9-8941-BC3FB2C2C7C6}.Release|Any CPU.ActiveCfg = Release|Any CPU
		{DA464437-B463-49D9-8941-BC3FB2C2C7C6}.Release|Any CPU.Build.0 = Release|Any CPU
		{CCBE44C9-D635-4869-8775-A7DD7491E601}.Debug|Any CPU.ActiveCfg = Debug|Any CPU
		{CCBE44C9-D635-4869-8775-A7DD7491E601}.Debug|Any CPU.Build.0 = Debug|Any CPU
		{CCBE44C9-D635-4869-8775-A7DD7491E601}.Release|Any CPU.ActiveCfg = Release|Any CPU
		{CCBE44C9-D635-4869-8775-A7DD7491E601}.Release|Any CPU.Build.0 = Release|Any CPU
		{53A96B4E-53B6-4719-8E1E-FFC1A4A26270}.Debug|Any CPU.ActiveCfg = Debug|Any CPU
		{53A96B4E-53B6-4719-8E1E-FFC1A4A26270}.Debug|Any CPU.Build.0 = Debug|Any CPU
		{53A96B4E-53B6-4719-8E1E-FFC1A4A26270}.Release|Any CPU.ActiveCfg = Release|Any CPU
		{53A96B4E-53B6-4719-8E1E-FFC1A4A26270}.Release|Any CPU.Build.0 = Release|Any CPU
		{651A537B-FCB9-4BB0-8B95-F4EABB312401}.Debug|Any CPU.ActiveCfg = Debug|Any CPU
		{651A537B-FCB9-4BB0-8B95-F4EABB312401}.Debug|Any CPU.Build.0 = Debug|Any CPU
		{651A537B-FCB9-4BB0-8B95-F4EABB312401}.Release|Any CPU.ActiveCfg = Release|Any CPU
		{651A537B-FCB9-4BB0-8B95-F4EABB312401}.Release|Any CPU.Build.0 = Release|Any CPU
	EndGlobalSection
	GlobalSection(SolutionProperties) = preSolution
		HideSolutionNode = FALSE
	EndGlobalSection
	GlobalSection(ExtensibilityGlobals) = postSolution
		SolutionGuid = {91C2D1EB-10A3-4344-9FEE-AC6284E3C009}
	EndGlobalSection
EndGlobal
